
Microsoft Visual Studio Solution File, Format Version 12.00
# Visual Studio Version 17
VisualStudioVersion = 17.2.32519.379
MinimumVisualStudioVersion = 10.0.40219.1
Project("{FAE04EC0-301F-11D3-BF4B-00C04F79EFBC}") = "Attest", "Attest.csproj", "{240A0CA9-2434-434A-8608-89A9E3BE5466}"
EndProject
Project("{FAE04EC0-301F-11D3-BF4B-00C04F79EFBC}") = "Attest (2)", "..\Attest (2)\Attest (2).csproj", "{9B6C2C42-65C3-41E4-9ED8-172B5D4A6310}"
EndProject
Project("{FAE04EC0-301F-11D3-BF4B-00C04F79EFBC}") = "Attest (3)", "..\Attest (3)\Attest (3).csproj", "{6154C88D-E1E8-45C8-82FB-B72AC98EFC4B}"
EndProject
Project("{FAE04EC0-301F-11D3-BF4B-00C04F79EFBC}") = "Attest (4)", "..\Attest (4)\Attest (4).csproj", "{24A5005F-08F9-41DE-90A4-732F5BCFCF2B}"
EndProject
Project("{FAE04EC0-301F-11D3-BF4B-00C04F79EFBC}") = "Attest (5)", "..\Attest (5)\Attest (5).csproj", "{1E52DE06-4D57-4DB5-A9E3-A802792A1498}"
EndProject
Project("{FAE04EC0-301F-11D3-BF4B-00C04F79EFBC}") = "Attest (6)", "..\Attest (6)\Attest (6).csproj", "{1BF0A35E-88A1-4EF6-9642-FAFD7B8F6671}"
EndProject
Project("{FAE04EC0-301F-11D3-BF4B-00C04F79EFBC}") = "Attest (7)", "..\Attest (7)\Attest (7).csproj", "{6427CAD9-6FFD-4C51-A004-1E376F07BE2F}"
EndProject
Global
	GlobalSection(SolutionConfigurationPlatforms) = preSolution
		Debug|Any CPU = Debug|Any CPU
		Release|Any CPU = Release|Any CPU
	EndGlobalSection
	GlobalSection(ProjectConfigurationPlatforms) = postSolution
		{240A0CA9-2434-434A-8608-89A9E3BE5466}.Debug|Any CPU.ActiveCfg = Debug|Any CPU
		{240A0CA9-2434-434A-8608-89A9E3BE5466}.Debug|Any CPU.Build.0 = Debug|Any CPU
		{240A0CA9-2434-434A-8608-89A9E3BE5466}.Release|Any CPU.ActiveCfg = Release|Any CPU
		{240A0CA9-2434-434A-8608-89A9E3BE5466}.Release|Any CPU.Build.0 = Release|Any CPU
		{9B6C2C42-65C3-41E4-9ED8-172B5D4A6310}.Debug|Any CPU.ActiveCfg = Debug|Any CPU
		{9B6C2C42-65C3-41E4-9ED8-172B5D4A6310}.Debug|Any CPU.Build.0 = Debug|Any CPU
		{9B6C2C42-65C3-41E4-9ED8-172B5D4A6310}.Release|Any CPU.ActiveCfg = Release|Any CPU
		{9B6C2C42-65C3-41E4-9ED8-172B5D4A6310}.Release|Any CPU.Build.0 = Release|Any CPU
		{6154C88D-E1E8-45C8-82FB-B72AC98EFC4B}.Debug|Any CPU.ActiveCfg = Debug|Any CPU
		{6154C88D-E1E8-45C8-82FB-B72AC98EFC4B}.Debug|Any CPU.Build.0 = Debug|Any CPU
		{6154C88D-E1E8-45C8-82FB-B72AC98EFC4B}.Release|Any CPU.ActiveCfg = Release|Any CPU
		{6154C88D-E1E8-45C8-82FB-B72AC98EFC4B}.Release|Any CPU.Build.0 = Release|Any CPU
		{24A5005F-08F9-41DE-90A4-732F5BCFCF2B}.Debug|Any CPU.ActiveCfg = Debug|Any CPU
		{24A5005F-08F9-41DE-90A4-732F5BCFCF2B}.Debug|Any CPU.Build.0 = Debug|Any CPU
		{24A5005F-08F9-41DE-90A4-732F5BCFCF2B}.Release|Any CPU.ActiveCfg = Release|Any CPU
		{24A5005F-08F9-41DE-90A4-732F5BCFCF2B}.Release|Any CPU.Build.0 = Release|Any CPU
		{1E52DE06-4D57-4DB5-A9E3-A802792A1498}.Debug|Any CPU.ActiveCfg = Debug|Any CPU
		{1E52DE06-4D57-4DB5-A9E3-A802792A1498}.Debug|Any CPU.Build.0 = Debug|Any CPU
		{1E52DE06-4D57-4DB5-A9E3-A802792A1498}.Release|Any CPU.ActiveCfg = Release|Any CPU
		{1E52DE06-4D57-4DB5-A9E3-A802792A1498}.Release|Any CPU.Build.0 = Release|Any CPU
		{1BF0A35E-88A1-4EF6-9642-FAFD7B8F6671}.Debug|Any CPU.ActiveCfg = Debug|Any CPU
		{1BF0A35E-88A1-4EF6-9642-FAFD7B8F6671}.Debug|Any CPU.Build.0 = Debug|Any CPU
		{1BF0A35E-88A1-4EF6-9642-FAFD7B8F6671}.Release|Any CPU.ActiveCfg = Release|Any CPU
		{1BF0A35E-88A1-4EF6-9642-FAFD7B8F6671}.Release|Any CPU.Build.0 = Release|Any CPU
		{6427CAD9-6FFD-4C51-A004-1E376F07BE2F}.Debug|Any CPU.ActiveCfg = Debug|Any CPU
		{6427CAD9-6FFD-4C51-A004-1E376F07BE2F}.Debug|Any CPU.Build.0 = Debug|Any CPU
		{6427CAD9-6FFD-4C51-A004-1E376F07BE2F}.Release|Any CPU.ActiveCfg = Release|Any CPU
		{6427CAD9-6FFD-4C51-A004-1E376F07BE2F}.Release|Any CPU.Build.0 = Release|Any CPU
	EndGlobalSection
	GlobalSection(SolutionProperties) = preSolution
		HideSolutionNode = FALSE
	EndGlobalSection
	GlobalSection(ExtensibilityGlobals) = postSolution
		SolutionGuid = {02E54BA1-6C16-4394-A2F5-67CCB9BA3DC0}
	EndGlobalSection
EndGlobal
