
Microsoft Visual Studio Solution File, Format Version 12.00
# Visual Studio Version 17
VisualStudioVersion = 17.2.32519.379
MinimumVisualStudioVersion = 10.0.40219.1
Project("{FAE04EC0-301F-11D3-BF4B-00C04F79EFBC}") = "DZ 29.06", "DZ 29.06.csproj", "{7F88AA4A-F3F5-4777-868C-FB0EC2232BCD}"
EndProject
Project("{FAE04EC0-301F-11D3-BF4B-00C04F79EFBC}") = "MaxMin", "..\MaxMin\MaxMin.csproj", "{CFD20AFB-40C0-4D47-986C-421EDD9A4492}"
EndProject
Project("{FAE04EC0-301F-11D3-BF4B-00C04F79EFBC}") = "Diapazon", "..\Diapazon\Diapazon.csproj", "{6D0ACE4C-11F3-45D7-AF9E-1FDC7EFD7A82}"
EndProject
Project("{FAE04EC0-301F-11D3-BF4B-00C04F79EFBC}") = "Kalkulator", "..\Kalkulator\Kalkulator.csproj", "{6FA705B0-0C4C-4E81-B707-5AF741E59E00}"
EndProject
Project("{FAE04EC0-301F-11D3-BF4B-00C04F79EFBC}") = "Temperature", "..\Temperature\Temperature.csproj", "{0EDA1C80-3459-4A22-BCE2-AFFBAEF0A483}"
EndProject
Global
	GlobalSection(SolutionConfigurationPlatforms) = preSolution
		Debug|Any CPU = Debug|Any CPU
		Release|Any CPU = Release|Any CPU
	EndGlobalSection
	GlobalSection(ProjectConfigurationPlatforms) = postSolution
		{7F88AA4A-F3F5-4777-868C-FB0EC2232BCD}.Debug|Any CPU.ActiveCfg = Debug|Any CPU
		{7F88AA4A-F3F5-4777-868C-FB0EC2232BCD}.Debug|Any CPU.Build.0 = Debug|Any CPU
		{7F88AA4A-F3F5-4777-868C-FB0EC2232BCD}.Release|Any CPU.ActiveCfg = Release|Any CPU
		{7F88AA4A-F3F5-4777-868C-FB0EC2232BCD}.Release|Any CPU.Build.0 = Release|Any CPU
		{CFD20AFB-40C0-4D47-986C-421EDD9A4492}.Debug|Any CPU.ActiveCfg = Debug|Any CPU
		{CFD20AFB-40C0-4D47-986C-421EDD9A4492}.Debug|Any CPU.Build.0 = Debug|Any CPU
		{CFD20AFB-40C0-4D47-986C-421EDD9A4492}.Release|Any CPU.ActiveCfg = Release|Any CPU
		{CFD20AFB-40C0-4D47-986C-421EDD9A4492}.Release|Any CPU.Build.0 = Release|Any CPU
		{6D0ACE4C-11F3-45D7-AF9E-1FDC7EFD7A82}.Debug|Any CPU.ActiveCfg = Debug|Any CPU
		{6D0ACE4C-11F3-45D7-AF9E-1FDC7EFD7A82}.Debug|Any CPU.Build.0 = Debug|Any CPU
		{6D0ACE4C-11F3-45D7-AF9E-1FDC7EFD7A82}.Release|Any CPU.ActiveCfg = Release|Any CPU
		{6D0ACE4C-11F3-45D7-AF9E-1FDC7EFD7A82}.Release|Any CPU.Build.0 = Release|Any CPU
		{6FA705B0-0C4C-4E81-B707-5AF741E59E00}.Debug|Any CPU.ActiveCfg = Debug|Any CPU
		{6FA705B0-0C4C-4E81-B707-5AF741E59E00}.Debug|Any CPU.Build.0 = Debug|Any CPU
		{6FA705B0-0C4C-4E81-B707-5AF741E59E00}.Release|Any CPU.ActiveCfg = Release|Any CPU
		{6FA705B0-0C4C-4E81-B707-5AF741E59E00}.Release|Any CPU.Build.0 = Release|Any CPU
		{0EDA1C80-3459-4A22-BCE2-AFFBAEF0A483}.Debug|Any CPU.ActiveCfg = Debug|Any CPU
		{0EDA1C80-3459-4A22-BCE2-AFFBAEF0A483}.Debug|Any CPU.Build.0 = Debug|Any CPU
		{0EDA1C80-3459-4A22-BCE2-AFFBAEF0A483}.Release|Any CPU.ActiveCfg = Release|Any CPU
		{0EDA1C80-3459-4A22-BCE2-AFFBAEF0A483}.Release|Any CPU.Build.0 = Release|Any CPU
	EndGlobalSection
	GlobalSection(SolutionProperties) = preSolution
		HideSolutionNode = FALSE
	EndGlobalSection
	GlobalSection(ExtensibilityGlobals) = postSolution
		SolutionGuid = {EC39B50A-0C2E-44EE-AEE8-10EDE3B904A7}
	EndGlobalSection
EndGlobal
