
Microsoft Visual Studio Solution File, Format Version 12.00
# Visual Studio Version 17
VisualStudioVersion = 17.2.32519.379
MinimumVisualStudioVersion = 10.0.40219.1
Project("{FAE04EC0-301F-11D3-BF4B-00C04F79EFBC}") = "lesson2", "lesson2.csproj", "{F5F88739-7E4A-4FA8-B636-4538D3957EED}"
EndProject
Project("{FAE04EC0-301F-11D3-BF4B-00C04F79EFBC}") = "lesson 2 part2", "..\lesson 2 part2\lesson 2 part2.csproj", "{EDC2E202-73DE-4DD8-9CBC-69861611BA04}"
EndProject
Project("{FAE04EC0-301F-11D3-BF4B-00C04F79EFBC}") = "lesson 2 part3 sqrt", "..\lesson 2 part3 sqrt\lesson 2 part3 sqrt.csproj", "{E632B266-627E-4746-A68D-4BA0F2A60696}"
EndProject
Project("{FAE04EC0-301F-11D3-BF4B-00C04F79EFBC}") = "Casting", "..\Casting\Casting.csproj", "{0A5A28F5-2EBC-4763-AF09-D1FB081F021D}"
EndProject
Project("{FAE04EC0-301F-11D3-BF4B-00C04F79EFBC}") = "IncDec", "..\IncDec\IncDec.csproj", "{A0133A93-C0E9-4452-8730-B7FCD26DDEB6}"
EndProject
Global
	GlobalSection(SolutionConfigurationPlatforms) = preSolution
		Debug|Any CPU = Debug|Any CPU
		Release|Any CPU = Release|Any CPU
	EndGlobalSection
	GlobalSection(ProjectConfigurationPlatforms) = postSolution
		{F5F88739-7E4A-4FA8-B636-4538D3957EED}.Debug|Any CPU.ActiveCfg = Debug|Any CPU
		{F5F88739-7E4A-4FA8-B636-4538D3957EED}.Debug|Any CPU.Build.0 = Debug|Any CPU
		{F5F88739-7E4A-4FA8-B636-4538D3957EED}.Release|Any CPU.ActiveCfg = Release|Any CPU
		{F5F88739-7E4A-4FA8-B636-4538D3957EED}.Release|Any CPU.Build.0 = Release|Any CPU
		{EDC2E202-73DE-4DD8-9CBC-69861611BA04}.Debug|Any CPU.ActiveCfg = Debug|Any CPU
		{EDC2E202-73DE-4DD8-9CBC-69861611BA04}.Debug|Any CPU.Build.0 = Debug|Any CPU
		{EDC2E202-73DE-4DD8-9CBC-69861611BA04}.Release|Any CPU.ActiveCfg = Release|Any CPU
		{EDC2E202-73DE-4DD8-9CBC-69861611BA04}.Release|Any CPU.Build.0 = Release|Any CPU
		{E632B266-627E-4746-A68D-4BA0F2A60696}.Debug|Any CPU.ActiveCfg = Debug|Any CPU
		{E632B266-627E-4746-A68D-4BA0F2A60696}.Debug|Any CPU.Build.0 = Debug|Any CPU
		{E632B266-627E-4746-A68D-4BA0F2A60696}.Release|Any CPU.ActiveCfg = Release|Any CPU
		{E632B266-627E-4746-A68D-4BA0F2A60696}.Release|Any CPU.Build.0 = Release|Any CPU
		{0A5A28F5-2EBC-4763-AF09-D1FB081F021D}.Debug|Any CPU.ActiveCfg = Debug|Any CPU
		{0A5A28F5-2EBC-4763-AF09-D1FB081F021D}.Debug|Any CPU.Build.0 = Debug|Any CPU
		{0A5A28F5-2EBC-4763-AF09-D1FB081F021D}.Release|Any CPU.ActiveCfg = Release|Any CPU
		{0A5A28F5-2EBC-4763-AF09-D1FB081F021D}.Release|Any CPU.Build.0 = Release|Any CPU
		{A0133A93-C0E9-4452-8730-B7FCD26DDEB6}.Debug|Any CPU.ActiveCfg = Debug|Any CPU
		{A0133A93-C0E9-4452-8730-B7FCD26DDEB6}.Debug|Any CPU.Build.0 = Debug|Any CPU
		{A0133A93-C0E9-4452-8730-B7FCD26DDEB6}.Release|Any CPU.ActiveCfg = Release|Any CPU
		{A0133A93-C0E9-4452-8730-B7FCD26DDEB6}.Release|Any CPU.Build.0 = Release|Any CPU
	EndGlobalSection
	GlobalSection(SolutionProperties) = preSolution
		HideSolutionNode = FALSE
	EndGlobalSection
	GlobalSection(ExtensibilityGlobals) = postSolution
		SolutionGuid = {E0C77244-8B96-4E7E-80A5-70CBA9208AFD}
	EndGlobalSection
EndGlobal
