
Microsoft Visual Studio Solution File, Format Version 12.00
# Visual Studio Version 17
VisualStudioVersion = 17.2.32519.379
MinimumVisualStudioVersion = 10.0.40219.1
Project("{FAE04EC0-301F-11D3-BF4B-00C04F79EFBC}") = "Calculator", "Calculator.csproj", "{95E1C89A-366F-4093-8856-FFB7524C2D3C}"
EndProject
Project("{FAE04EC0-301F-11D3-BF4B-00C04F79EFBC}") = "CalculatorTests", "..\CalculatorTests\CalculatorTests.csproj", "{1028423D-3783-48A8-94DD-5BE241407A5C}"
EndProject
Global
	GlobalSection(SolutionConfigurationPlatforms) = preSolution
		Debug|Any CPU = Debug|Any CPU
		Release|Any CPU = Release|Any CPU
	EndGlobalSection
	GlobalSection(ProjectConfigurationPlatforms) = postSolution
		{95E1C89A-366F-4093-8856-FFB7524C2D3C}.Debug|Any CPU.ActiveCfg = Debug|Any CPU
		{95E1C89A-366F-4093-8856-FFB7524C2D3C}.Debug|Any CPU.Build.0 = Debug|Any CPU
		{95E1C89A-366F-4093-8856-FFB7524C2D3C}.Release|Any CPU.ActiveCfg = Release|Any CPU
		{95E1C89A-366F-4093-8856-FFB7524C2D3C}.Release|Any CPU.Build.0 = Release|Any CPU
		{1028423D-3783-48A8-94DD-5BE241407A5C}.Debug|Any CPU.ActiveCfg = Debug|Any CPU
		{1028423D-3783-48A8-94DD-5BE241407A5C}.Debug|Any CPU.Build.0 = Debug|Any CPU
		{1028423D-3783-48A8-94DD-5BE241407A5C}.Release|Any CPU.ActiveCfg = Release|Any CPU
		{1028423D-3783-48A8-94DD-5BE241407A5C}.Release|Any CPU.Build.0 = Release|Any CPU
	EndGlobalSection
	GlobalSection(SolutionProperties) = preSolution
		HideSolutionNode = FALSE
	EndGlobalSection
	GlobalSection(ExtensibilityGlobals) = postSolution
		SolutionGuid = {DB7A9160-3756-4EA6-A6CE-BB65D2472163}
	EndGlobalSection
EndGlobal
