
Microsoft Visual Studio Solution File, Format Version 12.00
# Visual Studio Version 17
VisualStudioVersion = 17.2.32519.379
MinimumVisualStudioVersion = 10.0.40219.1
Project("{FAE04EC0-301F-11D3-BF4B-00C04F79EFBC}") = "01.07.2022", "01.07.2022.csproj", "{37D4F974-6F27-4C61-84BB-2300CFAF94AF}"
EndProject
Project("{FAE04EC0-301F-11D3-BF4B-00C04F79EFBC}") = "ComboBox", "..\ComboBox\ComboBox.csproj", "{D5841E16-AE92-46D1-806A-0DF3C2601595}"
EndProject
Project("{FAE04EC0-301F-11D3-BF4B-00C04F79EFBC}") = "Knopka", "..\Knopka\Knopka.csproj", "{2F119728-0193-44F8-B3A2-50C6881838D0}"
EndProject
Project("{FAE04EC0-301F-11D3-BF4B-00C04F79EFBC}") = "Shelchok", "..\Shelchok\Shelchok.csproj", "{C38ECA20-8D9A-4979-9AD5-EF10C2E903C3}"
EndProject
Project("{FAE04EC0-301F-11D3-BF4B-00C04F79EFBC}") = "Svoistva knopok", "..\Svoistva knopok\Svoistva knopok.csproj", "{FFBBC126-6DC3-4FAF-B7F9-4B16266169B4}"
EndProject
Project("{FAE04EC0-301F-11D3-BF4B-00C04F79EFBC}") = "Rasst", "..\Rasst\Rasst.csproj", "{59310AFE-489F-4B06-A154-1455A756E298}"
EndProject
Global
	GlobalSection(SolutionConfigurationPlatforms) = preSolution
		Debug|Any CPU = Debug|Any CPU
		Release|Any CPU = Release|Any CPU
	EndGlobalSection
	GlobalSection(ProjectConfigurationPlatforms) = postSolution
		{37D4F974-6F27-4C61-84BB-2300CFAF94AF}.Debug|Any CPU.ActiveCfg = Debug|Any CPU
		{37D4F974-6F27-4C61-84BB-2300CFAF94AF}.Debug|Any CPU.Build.0 = Debug|Any CPU
		{37D4F974-6F27-4C61-84BB-2300CFAF94AF}.Release|Any CPU.ActiveCfg = Release|Any CPU
		{37D4F974-6F27-4C61-84BB-2300CFAF94AF}.Release|Any CPU.Build.0 = Release|Any CPU
		{D5841E16-AE92-46D1-806A-0DF3C2601595}.Debug|Any CPU.ActiveCfg = Debug|Any CPU
		{D5841E16-AE92-46D1-806A-0DF3C2601595}.Debug|Any CPU.Build.0 = Debug|Any CPU
		{D5841E16-AE92-46D1-806A-0DF3C2601595}.Release|Any CPU.ActiveCfg = Release|Any CPU
		{D5841E16-AE92-46D1-806A-0DF3C2601595}.Release|Any CPU.Build.0 = Release|Any CPU
		{2F119728-0193-44F8-B3A2-50C6881838D0}.Debug|Any CPU.ActiveCfg = Debug|Any CPU
		{2F119728-0193-44F8-B3A2-50C6881838D0}.Debug|Any CPU.Build.0 = Debug|Any CPU
		{2F119728-0193-44F8-B3A2-50C6881838D0}.Release|Any CPU.ActiveCfg = Release|Any CPU
		{2F119728-0193-44F8-B3A2-50C6881838D0}.Release|Any CPU.Build.0 = Release|Any CPU
		{C38ECA20-8D9A-4979-9AD5-EF10C2E903C3}.Debug|Any CPU.ActiveCfg = Debug|Any CPU
		{C38ECA20-8D9A-4979-9AD5-EF10C2E903C3}.Debug|Any CPU.Build.0 = Debug|Any CPU
		{C38ECA20-8D9A-4979-9AD5-EF10C2E903C3}.Release|Any CPU.ActiveCfg = Release|Any CPU
		{C38ECA20-8D9A-4979-9AD5-EF10C2E903C3}.Release|Any CPU.Build.0 = Release|Any CPU
		{FFBBC126-6DC3-4FAF-B7F9-4B16266169B4}.Debug|Any CPU.ActiveCfg = Debug|Any CPU
		{FFBBC126-6DC3-4FAF-B7F9-4B16266169B4}.Debug|Any CPU.Build.0 = Debug|Any CPU
		{FFBBC126-6DC3-4FAF-B7F9-4B16266169B4}.Release|Any CPU.ActiveCfg = Release|Any CPU
		{FFBBC126-6DC3-4FAF-B7F9-4B16266169B4}.Release|Any CPU.Build.0 = Release|Any CPU
		{59310AFE-489F-4B06-A154-1455A756E298}.Debug|Any CPU.ActiveCfg = Debug|Any CPU
		{59310AFE-489F-4B06-A154-1455A756E298}.Debug|Any CPU.Build.0 = Debug|Any CPU
		{59310AFE-489F-4B06-A154-1455A756E298}.Release|Any CPU.ActiveCfg = Release|Any CPU
		{59310AFE-489F-4B06-A154-1455A756E298}.Release|Any CPU.Build.0 = Release|Any CPU
	EndGlobalSection
	GlobalSection(SolutionProperties) = preSolution
		HideSolutionNode = FALSE
	EndGlobalSection
	GlobalSection(ExtensibilityGlobals) = postSolution
		SolutionGuid = {F181B6A4-339E-4F6F-B3B4-E2C7C0D1CF24}
	EndGlobalSection
EndGlobal
